
Microsoft Visual Studio Solution File, Format Version 12.00
# Visual Studio Version 17
VisualStudioVersion = 17.0.31903.59
MinimumVisualStudioVersion = 10.0.40219.1
Project("{FAE04EC0-301F-11D3-BF4B-00C04F79EFBC}") = "API", "API\API.csproj", "{9D511AAB-C4CA-4937-8EC7-B8E4582A903C}"
EndProject
Project("{FAE04EC0-301F-11D3-BF4B-00C04F79EFBC}") = "Application", "Application\Application.csproj", "{6BBCB453-BE62-4656-9F72-0A0BA9F5B39A}"
EndProject
Project("{FAE04EC0-301F-11D3-BF4B-00C04F79EFBC}") = "Domain", "Domain\Domain.csproj", "{AF78075F-12D8-4D88-AC1A-43FB2F614DFA}"
EndProject
Project("{FAE04EC0-301F-11D3-BF4B-00C04F79EFBC}") = "Persistence", "Persistence\Persistence.csproj", "{27018703-8890-4E50-B80C-B5508FC839D1}"
EndProject
Global
	GlobalSection(SolutionConfigurationPlatforms) = preSolution
		Debug|Any CPU = Debug|Any CPU
		Release|Any CPU = Release|Any CPU
	EndGlobalSection
	GlobalSection(SolutionProperties) = preSolution
		HideSolutionNode = FALSE
	EndGlobalSection
	GlobalSection(ProjectConfigurationPlatforms) = postSolution
		{9D511AAB-C4CA-4937-8EC7-B8E4582A903C}.Debug|Any CPU.ActiveCfg = Debug|Any CPU
		{9D511AAB-C4CA-4937-8EC7-B8E4582A903C}.Debug|Any CPU.Build.0 = Debug|Any CPU
		{9D511AAB-C4CA-4937-8EC7-B8E4582A903C}.Release|Any CPU.ActiveCfg = Release|Any CPU
		{9D511AAB-C4CA-4937-8EC7-B8E4582A903C}.Release|Any CPU.Build.0 = Release|Any CPU
		{6BBCB453-BE62-4656-9F72-0A0BA9F5B39A}.Debug|Any CPU.ActiveCfg = Debug|Any CPU
		{6BBCB453-BE62-4656-9F72-0A0BA9F5B39A}.Debug|Any CPU.Build.0 = Debug|Any CPU
		{6BBCB453-BE62-4656-9F72-0A0BA9F5B39A}.Release|Any CPU.ActiveCfg = Release|Any CPU
		{6BBCB453-BE62-4656-9F72-0A0BA9F5B39A}.Release|Any CPU.Build.0 = Release|Any CPU
		{AF78075F-12D8-4D88-AC1A-43FB2F614DFA}.Debug|Any CPU.ActiveCfg = Debug|Any CPU
		{AF78075F-12D8-4D88-AC1A-43FB2F614DFA}.Debug|Any CPU.Build.0 = Debug|Any CPU
		{AF78075F-12D8-4D88-AC1A-43FB2F614DFA}.Release|Any CPU.ActiveCfg = Release|Any CPU
		{AF78075F-12D8-4D88-AC1A-43FB2F614DFA}.Release|Any CPU.Build.0 = Release|Any CPU
		{27018703-8890-4E50-B80C-B5508FC839D1}.Debug|Any CPU.ActiveCfg = Debug|Any CPU
		{27018703-8890-4E50-B80C-B5508FC839D1}.Debug|Any CPU.Build.0 = Debug|Any CPU
		{27018703-8890-4E50-B80C-B5508FC839D1}.Release|Any CPU.ActiveCfg = Release|Any CPU
		{27018703-8890-4E50-B80C-B5508FC839D1}.Release|Any CPU.Build.0 = Release|Any CPU
	EndGlobalSection
EndGlobal
